PODS:
  - DevKit/Extensions/UITableViewCellExtension (0.1.0):
    - DevKit/Protocols/ReusableView
  - DevKit/Extensions/UITableViewExtension (0.1.0):
    - DevKit/Protocols/ReusableView
  - DevKit/Protocols/ReusableView (0.1.0)
  - PureLayout (3.0.2)
  - Shimmer (1.0.2)
  - ShimmerBlocks (0.1.0):
    - PureLayout (~> 3.0.2)
    - Shimmer (~> 1.0.2)

DEPENDENCIES:
  - DevKit/Extensions/UITableViewCellExtension (from `./DevKit`)
  - DevKit/Extensions/UITableViewExtension (from `./DevKit`)
  - PureLayout (= 3.0.2)
  - ShimmerBlocks (from `../`)

SPEC REPOS:
  https://github.com/CocoaPods/Specs.git:
    - PureLayout
    - Shimmer

EXTERNAL SOURCES:
  DevKit:
    :path: "./DevKit"
  ShimmerBlocks:
    :path: "../"

SPEC CHECKSUMS:
  DevKit: a38be6866edfd1bd9abdfcab5b8b433ef94df96e
  PureLayout: 4d550abe49a94f24c2808b9b95db9131685fe4cd
  Shimmer: c5374be1c2b0c9e292fb05b339a513cf291cac86
  ShimmerBlocks: a23a9b97dd26a2c0b9402ca85e8666ec0e415a30

PODFILE CHECKSUM: 5baa0991f16091720f7891f3738858076d1342c8

COCOAPODS: 1.5.0
