PODS:
  - DevKit/Extensions/UITableViewExtension (0.1.0):
    - DevKit/Utility/ReusableView
  - DevKit/Utility/ReusableView (0.1.0)
  - PureLayout (3.0.2)
  - Shimmer (1.0.2)
  - ShimmerBlocks (0.1.0):
    - PureLayout (~> 3.0.2)
    - Shimmer (~> 1.0.2)

DEPENDENCIES:
  - DevKit/Extensions/UITableViewExtension (from `./DevKit`)
  - PureLayout (= 3.0.2)
  - ShimmerBlocks (from `../`)

SPEC REPOS:
  https://github.com/CocoaPods/Specs.git:
    - PureLayout
    - Shimmer

EXTERNAL SOURCES:
  DevKit:
    :path: "./DevKit"
  ShimmerBlocks:
    :path: "../"

SPEC CHECKSUMS:
  DevKit: 3d03cdcd447fb36be2d615491acb9ad6dd932f23
  PureLayout: 4d550abe49a94f24c2808b9b95db9131685fe4cd
  Shimmer: c5374be1c2b0c9e292fb05b339a513cf291cac86
  ShimmerBlocks: a23a9b97dd26a2c0b9402ca85e8666ec0e415a30

PODFILE CHECKSUM: fc65b204f3100067758adcc9dc10c66ba7f09456

COCOAPODS: 1.5.0
